// !$*UTF8*$!
{
	archiveVersion = 1;
	classes = {
	};
	objectVersion = 55;
	objects = {

/* Begin PBXBuildFile section */
		51281AFA2724AF3D00DE8365 /* FPartitionApp.swift in Sources */ = {isa = PBXBuildFile; fileRef = 51281AF92724AF3D00DE8365 /* FPartitionApp.swift */; };
		51281AFC2724AF3D00DE8365 /* ContentView.swift in Sources */ = {isa = PBXBuildFile; fileRef = 51281AFB2724AF3D00DE8365 /* ContentView.swift */; };
		51281AFE2724AF3E00DE8365 /* Assets.xcassets in Resources */ = {isa = PBXBuildFile; fileRef = 51281AFD2724AF3E00DE8365 /* Assets.xcassets */; };
		51281B012724AF3E00DE8365 /* Preview Assets.xcassets in Resources */ = {isa = PBXBuildFile; fileRef = 51281B002724AF3E00DE8365 /* Preview Assets.xcassets */; };
		51281B032724AF3E00DE8365 /* Persistence.swift in Sources */ = {isa = PBXBuildFile; fileRef = 51281B022724AF3E00DE8365 /* Persistence.swift */; };
		51281B062724AF3E00DE8365 /* FPartition.xcdatamodeld in Sources */ = {isa = PBXBuildFile; fileRef = 51281B042724AF3E00DE8365 /* FPartition.xcdatamodeld */; };
		51281B102724AF3E00DE8365 /* FPartitionTests.swift in Sources */ = {isa = PBXBuildFile; fileRef = 51281B0F2724AF3E00DE8365 /* FPartitionTests.swift */; };
		51281B1A2724AF3E00DE8365 /* FPartitionUITests.swift in Sources */ = {isa = PBXBuildFile; fileRef = 51281B192724AF3E00DE8365 /* FPartitionUITests.swift */; };
		51281B1C2724AF3E00DE8365 /* FPartitionUITestsLaunchTests.swift in Sources */ = {isa = PBXBuildFile; fileRef = 51281B1B2724AF3E00DE8365 /* FPartitionUITestsLaunchTests.swift */; };
/* End PBXBuildFile section */

/* Begin PBXContainerItemProxy section */
		51281B0C2724AF3E00DE8365 /* PBXContainerItemProxy */ = {
			isa = PBXContainerItemProxy;
			containerPortal = 51281AEE2724AF3D00DE8365 /* Project object */;
			proxyType = 1;
			remoteGlobalIDString = 51281AF52724AF3D00DE8365;
			remoteInfo = FPartition;
		};
		51281B162724AF3E00DE8365 /* PBXContainerItemProxy */ = {
			isa = PBXContainerItemProxy;
			containerPortal = 51281AEE2724AF3D00DE8365 /* Project object */;
			proxyType = 1;
			remoteGlobalIDString = 51281AF52724AF3D00DE8365;
			remoteInfo = FPartition;
		};
/* End PBXContainerItemProxy section */

/* Begin PBXFileReference section */
		51281AF62724AF3D00DE8365 /* FPartition.app */ = {isa = PBXFileReference; explicitFileType = wrapper.application; includeInIndex = 0; path = FPartition.app; sourceTree = BUILT_PRODUCTS_DIR; };
		51281AF92724AF3D00DE8365 /* FPartitionApp.swift */ = {isa = PBXFileReference; lastKnownFileType = sourcecode.swift; path = FPartitionApp.swift; sourceTree = "<group>"; };
		51281AFB2724AF3D00DE8365 /* ContentView.swift */ = {isa = PBXFileReference; lastKnownFileType = sourcecode.swift; path = ContentView.swift; sourceTree = "<group>"; };
		51281AFD2724AF3E00DE8365 /* Assets.xcassets */ = {isa = PBXFileReference; lastKnownFileType = folder.assetcatalog; path = Assets.xcassets; sourceTree = "<group>"; };
		51281B002724AF3E00DE8365 /* Preview Assets.xcassets */ = {isa = PBXFileReference; lastKnownFileType = folder.assetcatalog; path = "Preview Assets.xcassets"; sourceTree = "<group>"; };
		51281B022724AF3E00DE8365 /* Persistence.swift */ = {isa = PBXFileReference; lastKnownFileType = sourcecode.swift; path = Persistence.swift; sourceTree = "<group>"; };
		51281B052724AF3E00DE8365 /* FPartition.xcdatamodel */ = {isa = PBXFileReference; lastKnownFileType = wrapper.xcdatamodel; path = FPartition.xcdatamodel; sourceTree = "<group>"; };
		51281B0B2724AF3E00DE8365 /* FPartitionTests.xctest */ = {isa = PBXFileReference; explicitFileType = wrapper.cfbundle; includeInIndex = 0; path = FPartitionTests.xctest; sourceTree = BUILT_PRODUCTS_DIR; };
		51281B0F2724AF3E00DE8365 /* FPartitionTests.swift */ = {isa = PBXFileReference; lastKnownFileType = sourcecode.swift; path = FPartitionTests.swift; sourceTree = "<group>"; };
		51281B152724AF3E00DE8365 /* FPartitionUITests.xctest */ = {isa = PBXFileReference; explicitFileType = wrapper.cfbundle; includeInIndex = 0; path = FPartitionUITests.xctest; sourceTree = BUILT_PRODUCTS_DIR; };
		51281B192724AF3E00DE8365 /* FPartitionUITests.swift */ = {isa = PBXFileReference; lastKnownFileType = sourcecode.swift; path = FPartitionUITests.swift; sourceTree = "<group>"; };
		51281B1B2724AF3E00DE8365 /* FPartitionUITestsLaunchTests.swift */ = {isa = PBXFileReference; lastKnownFileType = sourcecode.swift; path = FPartitionUITestsLaunchTests.swift; sourceTree = "<group>"; };
/* End PBXFileReference section */

/* Begin PBXFrameworksBuildPhase section */
		51281AF32724AF3D00DE8365 /* Frameworks */ = {
			isa = PBXFrameworksBuildPhase;
			buildActionMask = 2147483647;
			files = (
			);
			runOnlyForDeploymentPostprocessing = 0;
		};
		51281B082724AF3E00DE8365 /* Frameworks */ = {
			isa = PBXFrameworksBuildPhase;
			buildActionMask = 2147483647;
			files = (
			);
			runOnlyForDeploymentPostprocessing = 0;
		};
		51281B122724AF3E00DE8365 /* Frameworks */ = {
			isa = PBXFrameworksBuildPhase;
			buildActionMask = 2147483647;
			files = (
			);
			runOnlyForDeploymentPostprocessing = 0;
		};
/* End PBXFrameworksBuildPhase section */

/* Begin PBXGroup section */
		51281AED2724AF3D00DE8365 = {
			isa = PBXGroup;
			children = (
				51281AF82724AF3D00DE8365 /* FPartition */,
				51281B0E2724AF3E00DE8365 /* FPartitionTests */,
				51281B182724AF3E00DE8365 /* FPartitionUITests */,
				51281AF72724AF3D00DE8365 /* Products */,
			);
			sourceTree = "<group>";
		};
		51281AF72724AF3D00DE8365 /* Products */ = {
			isa = PBXGroup;
			children = (
				51281AF62724AF3D00DE8365 /* FPartition.app */,
				51281B0B2724AF3E00DE8365 /* FPartitionTests.xctest */,
				51281B152724AF3E00DE8365 /* FPartitionUITests.xctest */,
			);
			name = Products;
			sourceTree = "<group>";
		};
		51281AF82724AF3D00DE8365 /* FPartition */ = {
			isa = PBXGroup;
			children = (
				51281AF92724AF3D00DE8365 /* FPartitionApp.swift */,
				51281AFB2724AF3D00DE8365 /* ContentView.swift */,
				51281AFD2724AF3E00DE8365 /* Assets.xcassets */,
				51281B022724AF3E00DE8365 /* Persistence.swift */,
				51281B042724AF3E00DE8365 /* FPartition.xcdatamodeld */,
				51281AFF2724AF3E00DE8365 /* Preview Content */,
			);
			path = FPartition;
			sourceTree = "<group>";
		};
		51281AFF2724AF3E00DE8365 /* Preview Content */ = {
			isa = PBXGroup;
			children = (
				51281B002724AF3E00DE8365 /* Preview Assets.xcassets */,
			);
			path = "Preview Content";
			sourceTree = "<group>";
		};
		51281B0E2724AF3E00DE8365 /* FPartitionTests */ = {
			isa = PBXGroup;
			children = (
				51281B0F2724AF3E00DE8365 /* FPartitionTests.swift */,
			);
			path = FPartitionTests;
			sourceTree = "<group>";
		};
		51281B182724AF3E00DE8365 /* FPartitionUITests */ = {
			isa = PBXGroup;
			children = (
				51281B192724AF3E00DE8365 /* FPartitionUITests.swift */,
				51281B1B2724AF3E00DE8365 /* FPartitionUITestsLaunchTests.swift */,
			);
			path = FPartitionUITests;
			sourceTree = "<group>";
		};
/* End PBXGroup section */

/* Begin PBXNativeTarget section */
		51281AF52724AF3D00DE8365 /* FPartition */ = {
			isa = PBXNativeTarget;
			buildConfigurationList = 51281B1F2724AF3E00DE8365 /* Build configuration list for PBXNativeTarget "FPartition" */;
			buildPhases = (
				51281AF22724AF3D00DE8365 /* Sources */,
				51281AF32724AF3D00DE8365 /* Frameworks */,
				51281AF42724AF3D00DE8365 /* Resources */,
			);
			buildRules = (
			);
			dependencies = (
			);
			name = FPartition;
			productName = FPartition;
			productReference = 51281AF62724AF3D00DE8365 /* FPartition.app */;
			productType = "com.apple.product-type.application";
		};
		51281B0A2724AF3E00DE8365 /* FPartitionTests */ = {
			isa = PBXNativeTarget;
			buildConfigurationList = 51281B222724AF3E00DE8365 /* Build configuration list for PBXNativeTarget "FPartitionTests" */;
			buildPhases = (
				51281B072724AF3E00DE8365 /* Sources */,
				51281B082724AF3E00DE8365 /* Frameworks */,
				51281B092724AF3E00DE8365 /* Resources */,
			);
			buildRules = (
			);
			dependencies = (
				51281B0D2724AF3E00DE8365 /* PBXTargetDependency */,
			);
			name = FPartitionTests;
			productName = FPartitionTests;
			productReference = 51281B0B2724AF3E00DE8365 /* FPartitionTests.xctest */;
			productType = "com.apple.product-type.bundle.unit-test";
		};
		51281B142724AF3E00DE8365 /* FPartitionUITests */ = {
			isa = PBXNativeTarget;
			buildConfigurationList = 51281B252724AF3E00DE8365 /* Build configuration list for PBXNativeTarget "FPartitionUITests" */;
			buildPhases = (
				51281B112724AF3E00DE8365 /* Sources */,
				51281B122724AF3E00DE8365 /* Frameworks */,
				51281B132724AF3E00DE8365 /* Resources */,
			);
			buildRules = (
			);
			dependencies = (
				51281B172724AF3E00DE8365 /* PBXTargetDependency */,
			);
			name = FPartitionUITests;
			productName = FPartitionUITests;
			productReference = 51281B152724AF3E00DE8365 /* FPartitionUITests.xctest */;
			productType = "com.apple.product-type.bundle.ui-testing";
		};
/* End PBXNativeTarget section */

/* Begin PBXProject section */
		51281AEE2724AF3D00DE8365 /* Project object */ = {
			isa = PBXProject;
			attributes = {
				BuildIndependentTargetsInParallel = 1;
				LastSwiftUpdateCheck = 1300;
				LastUpgradeCheck = 1300;
				TargetAttributes = {
					51281AF52724AF3D00DE8365 = {
						CreatedOnToolsVersion = 13.0;
					};
					51281B0A2724AF3E00DE8365 = {
						CreatedOnToolsVersion = 13.0;
						TestTargetID = 51281AF52724AF3D00DE8365;
					};
					51281B142724AF3E00DE8365 = {
						CreatedOnToolsVersion = 13.0;
						TestTargetID = 51281AF52724AF3D00DE8365;
					};
				};
			};
			buildConfigurationList = 51281AF12724AF3D00DE8365 /* Build configuration list for PBXProject "FPartition" */;
			compatibilityVersion = "Xcode 13.0";
			developmentRegion = en;
			hasScannedForEncodings = 0;
			knownRegions = (
				en,
				Base,
			);
			mainGroup = 51281AED2724AF3D00DE8365;
			productRefGroup = 51281AF72724AF3D00DE8365 /* Products */;
			projectDirPath = "";
			projectRoot = "";
			targets = (
				51281AF52724AF3D00DE8365 /* FPartition */,
				51281B0A2724AF3E00DE8365 /* FPartitionTests */,
				51281B142724AF3E00DE8365 /* FPartitionUITests */,
			);
		};
/* End PBXProject section */

/* Begin PBXResourcesBuildPhase section */
		51281AF42724AF3D00DE8365 /* Resources */ = {
			isa = PBXResourcesBuildPhase;
			buildActionMask = 2147483647;
			files = (
				51281B012724AF3E00DE8365 /* Preview Assets.xcassets in Resources */,
				51281AFE2724AF3E00DE8365 /* Assets.xcassets in Resources */,
			);
			runOnlyForDeploymentPostprocessing = 0;
		};
		51281B092724AF3E00DE8365 /* Resources */ = {
			isa = PBXResourcesBuildPhase;
			buildActionMask = 2147483647;
			files = (
			);
			runOnlyForDeploymentPostprocessing = 0;
		};
		51281B132724AF3E00DE8365 /* Resources */ = {
			isa = PBXResourcesBuildPhase;
			buildActionMask = 2147483647;
			files = (
			);
			runOnlyForDeploymentPostprocessing = 0;
		};
/* End PBXResourcesBuildPhase section */

/* Begin PBXSourcesBuildPhase section */
		51281AF22724AF3D00DE8365 /* Sources */ = {
			isa = PBXSourcesBuildPhase;
			buildActionMask = 2147483647;
			files = (
				51281B032724AF3E00DE8365 /* Persistence.swift in Sources */,
				51281AFC2724AF3D00DE8365 /* ContentView.swift in Sources */,
				51281AFA2724AF3D00DE8365 /* FPartitionApp.swift in Sources */,
				51281B062724AF3E00DE8365 /* FPartition.xcdatamodeld in Sources */,
			);
			runOnlyForDeploymentPostprocessing = 0;
		};
		51281B072724AF3E00DE8365 /* Sources */ = {
			isa = PBXSourcesBuildPhase;
			buildActionMask = 2147483647;
			files = (
				51281B102724AF3E00DE8365 /* FPartitionTests.swift in Sources */,
			);
			runOnlyForDeploymentPostprocessing = 0;
		};
		51281B112724AF3E00DE8365 /* Sources */ = {
			isa = PBXSourcesBuildPhase;
			buildActionMask = 2147483647;
			files = (
				51281B1C2724AF3E00DE8365 /* FPartitionUITestsLaunchTests.swift in Sources */,
				51281B1A2724AF3E00DE8365 /* FPartitionUITests.swift in Sources */,
			);
			runOnlyForDeploymentPostprocessing = 0;
		};
/* End PBXSourcesBuildPhase section */

/* Begin PBXTargetDependency section */
		51281B0D2724AF3E00DE8365 /* PBXTargetDependency */ = {
			isa = PBXTargetDependency;
			target = 51281AF52724AF3D00DE8365 /* FPartition */;
			targetProxy = 51281B0C2724AF3E00DE8365 /* PBXContainerItemProxy */;
		};
		51281B172724AF3E00DE8365 /* PBXTargetDependency */ = {
			isa = PBXTargetDependency;
			target = 51281AF52724AF3D00DE8365 /* FPartition */;
			targetProxy = 51281B162724AF3E00DE8365 /* PBXContainerItemProxy */;
		};
/* End PBXTargetDependency section */

/* Begin XCBuildConfiguration section */
		51281B1D2724AF3E00DE8365 /* Debug */ = {
			isa = XCBuildConfiguration;
			buildSettings = {
				ALWAYS_SEARCH_USER_PATHS = NO;
				CLANG_ANALYZER_NONNULL = YES;
				CLANG_ANALYZER_NUMBER_OBJECT_CONVERSION = YES_AGGRESSIVE;
				CLANG_CXX_LANGUAGE_STANDARD = "gnu++17";
				CLANG_CXX_LIBRARY = "libc++";
				CLANG_ENABLE_MODULES = YES;
				CLANG_ENABLE_OBJC_ARC = YES;
				CLANG_ENABLE_OBJC_WEAK = YES;
				CLANG_WARN_BLOCK_CAPTURE_AUTORELEASING = YES;
				CLANG_WARN_BOOL_CONVERSION = YES;
				CLANG_WARN_COMMA = YES;
				CLANG_WARN_CONSTANT_CONVERSION = YES;
				CLANG_WARN_DEPRECATED_OBJC_IMPLEMENTATIONS = YES;
				CLANG_WARN_DIRECT_OBJC_ISA_USAGE = YES_ERROR;
				CLANG_WARN_DOCUMENTATION_COMMENTS = YES;
				CLANG_WARN_EMPTY_BODY = YES;
				CLANG_WARN_ENUM_CONVERSION = YES;
				CLANG_WARN_INFINITE_RECURSION = YES;
				CLANG_WARN_INT_CONVERSION = YES;
				CLANG_WARN_NON_LITERAL_NULL_CONVERSION = YES;
				CLANG_WARN_OBJC_IMPLICIT_RETAIN_SELF = YES;
				CLANG_WARN_OBJC_LITERAL_CONVERSION = YES;
				CLANG_WARN_OBJC_ROOT_CLASS = YES_ERROR;
				CLANG_WARN_QUOTED_INCLUDE_IN_FRAMEWORK_HEADER = YES;
				CLANG_WARN_RANGE_LOOP_ANALYSIS = YES;
				CLANG_WARN_STRICT_PROTOTYPES = YES;
				CLANG_WARN_SUSPICIOUS_MOVE = YES;
				CLANG_WARN_UNGUARDED_AVAILABILITY = YES_AGGRESSIVE;
				CLANG_WARN_UNREACHABLE_CODE = YES;
				CLANG_WARN__DUPLICATE_METHOD_MATCH = YES;
				COPY_PHASE_STRIP = NO;
				DEBUG_INFORMATION_FORMAT = dwarf;
				ENABLE_STRICT_OBJC_MSGSEND = YES;
				ENABLE_TESTABILITY = YES;
				GCC_C_LANGUAGE_STANDARD = gnu11;
				GCC_DYNAMIC_NO_PIC = NO;
				GCC_NO_COMMON_BLOCKS = YES;
				GCC_OPTIMIZATION_LEVEL = 0;
				GCC_PREPROCESSOR_DEFINITIONS = (
					"DEBUG=1",
					"$(inherited)",
				);
				GCC_WARN_64_TO_32_BIT_CONVERSION = YES;
				GCC_WARN_ABOUT_RETURN_TYPE = YES_ERROR;
				GCC_WARN_UNDECLARED_SELECTOR = YES;
				GCC_WARN_UNINITIALIZED_AUTOS = YES_AGGRESSIVE;
				GCC_WARN_UNUSED_FUNCTION = YES;
				GCC_WARN_UNUSED_VARIABLE = YES;
				IPHONEOS_DEPLOYMENT_TARGET = 15.0;
				MTL_ENABLE_DEBUG_INFO = INCLUDE_SOURCE;
				MTL_FAST_MATH = YES;
				ONLY_ACTIVE_ARCH = YES;
				SDKROOT = iphoneos;
				SWIFT_ACTIVE_COMPILATION_CONDITIONS = DEBUG;
				SWIFT_OPTIMIZATION_LEVEL = "-Onone";
			};
			name = Debug;
		};
		51281B1E2724AF3E00DE8365 /* Release */ = {
			isa = XCBuildConfiguration;
			buildSettings = {
				ALWAYS_SEARCH_USER_PATHS = NO;
				CLANG_ANALYZER_NONNULL = YES;
				CLANG_ANALYZER_NUMBER_OBJECT_CONVERSION = YES_AGGRESSIVE;
				CLANG_CXX_LANGUAGE_STANDARD = "gnu++17";
				CLANG_CXX_LIBRARY = "libc++";
				CLANG_ENABLE_MODULES = YES;
				CLANG_ENABLE_OBJC_ARC = YES;
				CLANG_ENABLE_OBJC_WEAK = YES;
				CLANG_WARN_BLOCK_CAPTURE_AUTORELEASING = YES;
				CLANG_WARN_BOOL_CONVERSION = YES;
				CLANG_WARN_COMMA = YES;
				CLANG_WARN_CONSTANT_CONVERSION = YES;
				CLANG_WARN_DEPRECATED_OBJC_IMPLEMENTATIONS = YES;
				CLANG_WARN_DIRECT_OBJC_ISA_USAGE = YES_ERROR;
				CLANG_WARN_DOCUMENTATION_COMMENTS = YES;
				CLANG_WARN_EMPTY_BODY = YES;
				CLANG_WARN_ENUM_CONVERSION = YES;
				CLANG_WARN_INFINITE_RECURSION = YES;
				CLANG_WARN_INT_CONVERSION = YES;
				CLANG_WARN_NON_LITERAL_NULL_CONVERSION = YES;
				CLANG_WARN_OBJC_IMPLICIT_RETAIN_SELF = YES;
				CLANG_WARN_OBJC_LITERAL_CONVERSION = YES;
				CLANG_WARN_OBJC_ROOT_CLASS = YES_ERROR;
				CLANG_WARN_QUOTED_INCLUDE_IN_FRAMEWORK_HEADER = YES;
				CLANG_WARN_RANGE_LOOP_ANALYSIS = YES;
				CLANG_WARN_STRICT_PROTOTYPES = YES;
				CLANG_WARN_SUSPICIOUS_MOVE = YES;
				CLANG_WARN_UNGUARDED_AVAILABILITY = YES_AGGRESSIVE;
				CLANG_WARN_UNREACHABLE_CODE = YES;
				CLANG_WARN__DUPLICATE_METHOD_MATCH = YES;
				COPY_PHASE_STRIP = NO;
				DEBUG_INFORMATION_FORMAT = "dwarf-with-dsym";
				ENABLE_NS_ASSERTIONS = NO;
				ENABLE_STRICT_OBJC_MSGSEND = YES;
				GCC_C_LANGUAGE_STANDARD = gnu11;
				GCC_NO_COMMON_BLOCKS = YES;
				GCC_WARN_64_TO_32_BIT_CONVERSION = YES;
				GCC_WARN_ABOUT_RETURN_TYPE = YES_ERROR;
				GCC_WARN_UNDECLARED_SELECTOR = YES;
				GCC_WARN_UNINITIALIZED_AUTOS = YES_AGGRESSIVE;
				GCC_WARN_UNUSED_FUNCTION = YES;
				GCC_WARN_UNUSED_VARIABLE = YES;
				IPHONEOS_DEPLOYMENT_TARGET = 15.0;
				MTL_ENABLE_DEBUG_INFO = NO;
				MTL_FAST_MATH = YES;
				SDKROOT = iphoneos;
				SWIFT_COMPILATION_MODE = wholemodule;
				SWIFT_OPTIMIZATION_LEVEL = "-O";
				VALIDATE_PRODUCT = YES;
			};
			name = Release;
		};
		51281B202724AF3E00DE8365 /* Debug */ = {
			isa = XCBuildConfiguration;
			buildSettings = {
				ASSETCATALOG_COMPILER_APPICON_NAME = AppIcon;
				ASSETCATALOG_COMPILER_GLOBAL_ACCENT_COLOR_NAME = AccentColor;
				CODE_SIGN_STYLE = Automatic;
				CURRENT_PROJECT_VERSION = 1;
				DEVELOPMENT_ASSET_PATHS = "\"FPartition/Preview Content\"";
				DEVELOPMENT_TEAM = WYK9QL7JTW;
				ENABLE_PREVIEWS = YES;
				GENERATE_INFOPLIST_FILE = YES;
				INFOPLIST_KEY_UIApplicationSceneManifest_Generation = YES;
				INFOPLIST_KEY_UIApplicationSupportsIndirectInputEvents = YES;
				INFOPLIST_KEY_UILaunchScreen_Generation = YES;
				INFOPLIST_KEY_UISupportedInterfaceOrientations_iPad = "UIInterfaceOrientationPortrait UIInterfaceOrientationPortraitUpsideDown UIInterfaceOrientationLandscapeLeft UIInterfaceOrientationLandscapeRight";
				INFOPLIST_KEY_UISupportedInterfaceOrientations_iPhone = "UIInterfaceOrientationPortrait UIInterfaceOrientationLandscapeLeft UIInterfaceOrientationLandscapeRight";
				IPHONEOS_DEPLOYMENT_TARGET = 14.0;
				LD_RUNPATH_SEARCH_PATHS = (
					"$(inherited)",
					"@executable_path/Frameworks",
				);
				MARKETING_VERSION = 1.0;
				PRODUCT_BUNDLE_IDENTIFIER = JnK.FPartition;
				PRODUCT_NAME = "$(TARGET_NAME)";
				SWIFT_EMIT_LOC_STRINGS = YES;
				SWIFT_VERSION = 5.0;
				TARGETED_DEVICE_FAMILY = "1,2";
			};
			name = Debug;
		};
		51281B212724AF3E00DE8365 /* Release */ = {
			isa = XCBuildConfiguration;
			buildSettings = {
				ASSETCATALOG_COMPILER_APPICON_NAME = AppIcon;
				ASSETCATALOG_COMPILER_GLOBAL_ACCENT_COLOR_NAME = AccentColor;
				CODE_SIGN_STYLE = Automatic;
				CURRENT_PROJECT_VERSION = 1;
				DEVELOPMENT_ASSET_PATHS = "\"FPartition/Preview Content\"";
				DEVELOPMENT_TEAM = WYK9QL7JTW;
				ENABLE_PREVIEWS = YES;
				GENERATE_INFOPLIST_FILE = YES;
				INFOPLIST_KEY_UIApplicationSceneManifest_Generation = YES;
				INFOPLIST_KEY_UIApplicationSupportsIndirectInputEvents = YES;
				INFOPLIST_KEY_UILaunchScreen_Generation = YES;
				INFOPLIST_KEY_UISupportedInterfaceOrientations_iPad = "UIInterfaceOrientationPortrait UIInterfaceOrientationPortraitUpsideDown UIInterfaceOrientationLandscapeLeft UIInterfaceOrientationLandscapeRight";
				INFOPLIST_KEY_UISupportedInterfaceOrientations_iPhone = "UIInterfaceOrientationPortrait UIInterfaceOrientationLandscapeLeft UIInterfaceOrientationLandscapeRight";
				IPHONEOS_DEPLOYMENT_TARGET = 14.0;
				LD_RUNPATH_SEARCH_PATHS = (
					"$(inherited)",
					"@executable_path/Frameworks",
				);
				MARKETING_VERSION = 1.0;
				PRODUCT_BUNDLE_IDENTIFIER = JnK.FPartition;
				PRODUCT_NAME = "$(TARGET_NAME)";
				SWIFT_EMIT_LOC_STRINGS = YES;
				SWIFT_VERSION = 5.0;
				TARGETED_DEVICE_FAMILY = "1,2";
			};
			name = Release;
		};
		51281B232724AF3E00DE8365 /* Debug */ = {
			isa = XCBuildConfiguration;
			buildSettings = {
				ALWAYS_EMBED_SWIFT_STANDARD_LIBRARIES = YES;
				BUNDLE_LOADER = "$(TEST_HOST)";
				CODE_SIGN_STYLE = Automatic;
				CURRENT_PROJECT_VERSION = 1;
				DEVELOPMENT_TEAM = WYK9QL7JTW;
				GENERATE_INFOPLIST_FILE = YES;
				IPHONEOS_DEPLOYMENT_TARGET = 14.0;
				LD_RUNPATH_SEARCH_PATHS = (
					"$(inherited)",
					"@executable_path/Frameworks",
					"@loader_path/Frameworks",
				);
				MARKETING_VERSION = 1.0;
				PRODUCT_BUNDLE_IDENTIFIER = JnK.FPartitionTests;
				PRODUCT_NAME = "$(TARGET_NAME)";
				SWIFT_EMIT_LOC_STRINGS = NO;
				SWIFT_VERSION = 5.0;
				TARGETED_DEVICE_FAMILY = "1,2";
				TEST_HOST = "$(BUILT_PRODUCTS_DIR)/FPartition.app/FPartition";
			};
			name = Debug;
		};
		51281B242724AF3E00DE8365 /* Release */ = {
			isa = XCBuildConfiguration;
			buildSettings = {
				ALWAYS_EMBED_SWIFT_STANDARD_LIBRARIES = YES;
				BUNDLE_LOADER = "$(TEST_HOST)";
				CODE_SIGN_STYLE = Automatic;
				CURRENT_PROJECT_VERSION = 1;
				DEVELOPMENT_TEAM = WYK9QL7JTW;
				GENERATE_INFOPLIST_FILE = YES;
				IPHONEOS_DEPLOYMENT_TARGET = 14.0;
				LD_RUNPATH_SEARCH_PATHS = (
					"$(inherited)",
					"@executable_path/Frameworks",
					"@loader_path/Frameworks",
				);
				MARKETING_VERSION = 1.0;
				PRODUCT_BUNDLE_IDENTIFIER = JnK.FPartitionTests;
				PRODUCT_NAME = "$(TARGET_NAME)";
				SWIFT_EMIT_LOC_STRINGS = NO;
				SWIFT_VERSION = 5.0;
				TARGETED_DEVICE_FAMILY = "1,2";
				TEST_HOST = "$(BUILT_PRODUCTS_DIR)/FPartition.app/FPartition";
			};
			name = Release;
		};
		51281B262724AF3E00DE8365 /* Debug */ = {
			isa = XCBuildConfiguration;
			buildSettings = {
				ALWAYS_EMBED_SWIFT_STANDARD_LIBRARIES = YES;
				CODE_SIGN_STYLE = Automatic;
				CURRENT_PROJECT_VERSION = 1;
				DEVELOPMENT_TEAM = WYK9QL7JTW;
				GENERATE_INFOPLIST_FILE = YES;
				LD_RUNPATH_SEARCH_PATHS = (
					"$(inherited)",
					"@executable_path/Frameworks",
					"@loader_path/Frameworks",
				);
				MARKETING_VERSION = 1.0;
				PRODUCT_BUNDLE_IDENTIFIER = JnK.FPartitionUITests;
				PRODUCT_NAME = "$(TARGET_NAME)";
				SWIFT_EMIT_LOC_STRINGS = NO;
				SWIFT_VERSION = 5.0;
				TARGETED_DEVICE_FAMILY = "1,2";
				TEST_TARGET_NAME = FPartition;
			};
			name = Debug;
		};
		51281B272724AF3E00DE8365 /* Release */ = {
			isa = XCBuildConfiguration;
			buildSettings = {
				ALWAYS_EMBED_SWIFT_STANDARD_LIBRARIES = YES;
				CODE_SIGN_STYLE = Automatic;
				CURRENT_PROJECT_VERSION = 1;
				DEVELOPMENT_TEAM = WYK9QL7JTW;
				GENERATE_INFOPLIST_FILE = YES;
				LD_RUNPATH_SEARCH_PATHS = (
					"$(inherited)",
					"@executable_path/Frameworks",
					"@loader_path/Frameworks",
				);
				MARKETING_VERSION = 1.0;
				PRODUCT_BUNDLE_IDENTIFIER = JnK.FPartitionUITests;
				PRODUCT_NAME = "$(TARGET_NAME)";
				SWIFT_EMIT_LOC_STRINGS = NO;
				SWIFT_VERSION = 5.0;
				TARGETED_DEVICE_FAMILY = "1,2";
				TEST_TARGET_NAME = FPartition;
			};
			name = Release;
		};
/* End XCBuildConfiguration section */

/* Begin XCConfigurationList section */
		51281AF12724AF3D00DE8365 /* Build configuration list for PBXProject "FPartition" */ = {
			isa = XCConfigurationList;
			buildConfigurations = (
				51281B1D2724AF3E00DE8365 /* Debug */,
				51281B1E2724AF3E00DE8365 /* Release */,
			);
			defaultConfigurationIsVisible = 0;
			defaultConfigurationName = Release;
		};
		51281B1F2724AF3E00DE8365 /* Build configuration list for PBXNativeTarget "FPartition" */ = {
			isa = XCConfigurationList;
			buildConfigurations = (
				51281B202724AF3E00DE8365 /* Debug */,
				51281B212724AF3E00DE8365 /* Release */,
			);
			defaultConfigurationIsVisible = 0;
			defaultConfigurationName = Release;
		};
		51281B222724AF3E00DE8365 /* Build configuration list for PBXNativeTarget "FPartitionTests" */ = {
			isa = XCConfigurationList;
			buildConfigurations = (
				51281B232724AF3E00DE8365 /* Debug */,
				51281B242724AF3E00DE8365 /* Release */,
			);
			defaultConfigurationIsVisible = 0;
			defaultConfigurationName = Release;
		};
		51281B252724AF3E00DE8365 /* Build configuration list for PBXNativeTarget "FPartitionUITests" */ = {
			isa = XCConfigurationList;
			buildConfigurations = (
				51281B262724AF3E00DE8365 /* Debug */,
				51281B272724AF3E00DE8365 /* Release */,
			);
			defaultConfigurationIsVisible = 0;
			defaultConfigurationName = Release;
		};
/* End XCConfigurationList section */

/* Begin XCVersionGroup section */
		51281B042724AF3E00DE8365 /* FPartition.xcdatamodeld */ = {
			isa = XCVersionGroup;
			children = (
				51281B052724AF3E00DE8365 /* FPartition.xcdatamodel */,
			);
			currentVersion = 51281B052724AF3E00DE8365 /* FPartition.xcdatamodel */;
			path = FPartition.xcdatamodeld;
			sourceTree = "<group>";
			versionGroupType = wrapper.xcdatamodel;
		};
/* End XCVersionGroup section */
	};
	rootObject = 51281AEE2724AF3D00DE8365 /* Project object */;
}
